
Microsoft Visual Studio Solution File, Format Version 12.00
# Visual Studio Version 16
VisualStudioVersion = 16.0.30517.126
MinimumVisualStudioVersion = 10.0.40219.1
Project("{9A19103F-16F7-4668-BE54-9A1E7A4F7556}") = "ContentApp", "ContentApp.csproj", "{BD1A44E1-D4F6-4EAF-97D4-06EC26724395}"
EndProject
Project("{9A19103F-16F7-4668-BE54-9A1E7A4F7556}") = "LoggingService", "..\LoggingService\LoggingService.csproj", "{74E110A1-ED82-4377-A1AF-9B017A6869CC}"
EndProject
Project("{9A19103F-16F7-4668-BE54-9A1E7A4F7556}") = "DAL", "..\DAL\DAL.csproj", "{E4C3D88E-A397-4278-8EAA-BBAAF9B65357}"
EndProject
Project("{9A19103F-16F7-4668-BE54-9A1E7A4F7556}") = "BLL", "..\BLL\BLL.csproj", "{401E1C65-9F9E-4B56-9B31-76A425C78902}"
EndProject
Project("{9A19103F-16F7-4668-BE54-9A1E7A4F7556}") = "DALServices", "..\DALServices\DALServices.csproj", "{790D46A8-5D19-4EF5-8F83-D95641C4369C}"
EndProject
Project("{9A19103F-16F7-4668-BE54-9A1E7A4F7556}") = "FiltersService", "..\FiltersService\FiltersService.csproj", "{2951A452-2D81-4B8B-9437-0C22D4E7752B}"
EndProject
Project("{FAE04EC0-301F-11D3-BF4B-00C04F79EFBC}") = "AuthService", "..\AuthService\AuthService.csproj", "{58855AA4-124A-4822-83B5-02EBE8103A84}"
EndProject
Project("{FAE04EC0-301F-11D3-BF4B-00C04F79EFBC}") = "CookieService", "..\CookieService\CookieService.csproj", "{B7BF7BF4-AD60-455B-A986-81F233F299FF}"
EndProject
Project("{FAE04EC0-301F-11D3-BF4B-00C04F79EFBC}") = "ActivityService", "..\ActivityService\ActivityService.csproj", "{B30C20E4-D394-4BFD-BD43-BB76C782DDE4}"
EndProject
Global
	GlobalSection(SolutionConfigurationPlatforms) = preSolution
		Debug|Any CPU = Debug|Any CPU
		Release|Any CPU = Release|Any CPU
	EndGlobalSection
	GlobalSection(ProjectConfigurationPlatforms) = postSolution
		{BD1A44E1-D4F6-4EAF-97D4-06EC26724395}.Debug|Any CPU.ActiveCfg = Debug|Any CPU
		{BD1A44E1-D4F6-4EAF-97D4-06EC26724395}.Debug|Any CPU.Build.0 = Debug|Any CPU
		{BD1A44E1-D4F6-4EAF-97D4-06EC26724395}.Release|Any CPU.ActiveCfg = Release|Any CPU
		{BD1A44E1-D4F6-4EAF-97D4-06EC26724395}.Release|Any CPU.Build.0 = Release|Any CPU
		{74E110A1-ED82-4377-A1AF-9B017A6869CC}.Debug|Any CPU.ActiveCfg = Debug|Any CPU
		{74E110A1-ED82-4377-A1AF-9B017A6869CC}.Debug|Any CPU.Build.0 = Debug|Any CPU
		{74E110A1-ED82-4377-A1AF-9B017A6869CC}.Release|Any CPU.ActiveCfg = Release|Any CPU
		{74E110A1-ED82-4377-A1AF-9B017A6869CC}.Release|Any CPU.Build.0 = Release|Any CPU
		{E4C3D88E-A397-4278-8EAA-BBAAF9B65357}.Debug|Any CPU.ActiveCfg = Debug|Any CPU
		{E4C3D88E-A397-4278-8EAA-BBAAF9B65357}.Debug|Any CPU.Build.0 = Debug|Any CPU
		{E4C3D88E-A397-4278-8EAA-BBAAF9B65357}.Release|Any CPU.ActiveCfg = Release|Any CPU
		{E4C3D88E-A397-4278-8EAA-BBAAF9B65357}.Release|Any CPU.Build.0 = Release|Any CPU
		{401E1C65-9F9E-4B56-9B31-76A425C78902}.Debug|Any CPU.ActiveCfg = Debug|Any CPU
		{401E1C65-9F9E-4B56-9B31-76A425C78902}.Debug|Any CPU.Build.0 = Debug|Any CPU
		{401E1C65-9F9E-4B56-9B31-76A425C78902}.Release|Any CPU.ActiveCfg = Release|Any CPU
		{401E1C65-9F9E-4B56-9B31-76A425C78902}.Release|Any CPU.Build.0 = Release|Any CPU
		{790D46A8-5D19-4EF5-8F83-D95641C4369C}.Debug|Any CPU.ActiveCfg = Debug|Any CPU
		{790D46A8-5D19-4EF5-8F83-D95641C4369C}.Debug|Any CPU.Build.0 = Debug|Any CPU
		{790D46A8-5D19-4EF5-8F83-D95641C4369C}.Release|Any CPU.ActiveCfg = Release|Any CPU
		{790D46A8-5D19-4EF5-8F83-D95641C4369C}.Release|Any CPU.Build.0 = Release|Any CPU
		{2951A452-2D81-4B8B-9437-0C22D4E7752B}.Debug|Any CPU.ActiveCfg = Debug|Any CPU
		{2951A452-2D81-4B8B-9437-0C22D4E7752B}.Debug|Any CPU.Build.0 = Debug|Any CPU
		{2951A452-2D81-4B8B-9437-0C22D4E7752B}.Release|Any CPU.ActiveCfg = Release|Any CPU
		{2951A452-2D81-4B8B-9437-0C22D4E7752B}.Release|Any CPU.Build.0 = Release|Any CPU
		{58855AA4-124A-4822-83B5-02EBE8103A84}.Debug|Any CPU.ActiveCfg = Debug|Any CPU
		{58855AA4-124A-4822-83B5-02EBE8103A84}.Debug|Any CPU.Build.0 = Debug|Any CPU
		{58855AA4-124A-4822-83B5-02EBE8103A84}.Release|Any CPU.ActiveCfg = Release|Any CPU
		{58855AA4-124A-4822-83B5-02EBE8103A84}.Release|Any CPU.Build.0 = Release|Any CPU
		{B7BF7BF4-AD60-455B-A986-81F233F299FF}.Debug|Any CPU.ActiveCfg = Debug|Any CPU
		{B7BF7BF4-AD60-455B-A986-81F233F299FF}.Debug|Any CPU.Build.0 = Debug|Any CPU
		{B7BF7BF4-AD60-455B-A986-81F233F299FF}.Release|Any CPU.ActiveCfg = Release|Any CPU
		{B7BF7BF4-AD60-455B-A986-81F233F299FF}.Release|Any CPU.Build.0 = Release|Any CPU
		{B30C20E4-D394-4BFD-BD43-BB76C782DDE4}.Debug|Any CPU.ActiveCfg = Debug|Any CPU
		{B30C20E4-D394-4BFD-BD43-BB76C782DDE4}.Debug|Any CPU.Build.0 = Debug|Any CPU
		{B30C20E4-D394-4BFD-BD43-BB76C782DDE4}.Release|Any CPU.ActiveCfg = Release|Any CPU
		{B30C20E4-D394-4BFD-BD43-BB76C782DDE4}.Release|Any CPU.Build.0 = Release|Any CPU
	EndGlobalSection
	GlobalSection(SolutionProperties) = preSolution
		HideSolutionNode = FALSE
	EndGlobalSection
	GlobalSection(ExtensibilityGlobals) = postSolution
		SolutionGuid = {648FE15B-780F-4992-A368-3F4036860E91}
	EndGlobalSection
EndGlobal
